
Microsoft Visual Studio Solution File, Format Version 12.00
# Visual Studio 2015
Project("{FAE04EC0-301F-11D3-BF4B-00C04F79EFBC}") = "MyHappyApp.CSharp.Plugins", "MyHappyApp.CSharp.Plugins.csproj", "{AE2E4DE4-8650-9C65-0A09-6DD9CFE58557}"
EndProject
Project("{FAE04EC0-301F-11D3-BF4B-00C04F79EFBC}") = "MyHappyApp.CSharp", "MyHappyApp.CSharp.csproj", "{1944C4F9-448F-69CA-5093-22A3382B3C3D}"
EndProject
Project("{FAE04EC0-301F-11D3-BF4B-00C04F79EFBC}") = "MyHappyApp.CSharp.Editor.Plugins", "MyHappyApp.CSharp.Editor.Plugins.csproj", "{41F7D0FA-3719-8231-120F-CE16C5CEEA37}"
EndProject
Project("{FAE04EC0-301F-11D3-BF4B-00C04F79EFBC}") = "MyHappyApp.CSharp.Editor", "MyHappyApp.CSharp.Editor.csproj", "{ABCAD81D-E829-B9EF-0720-A50E517BFAF3}"
EndProject
Global
	GlobalSection(SolutionConfigurationPlatforms) = preSolution
		Debug|Any CPU = Debug|Any CPU
		Release|Any CPU = Release|Any CPU
	EndGlobalSection
	GlobalSection(ProjectConfigurationPlatforms) = postSolution
		{AE2E4DE4-8650-9C65-0A09-6DD9CFE58557}.Debug|Any CPU.ActiveCfg = Debug|Any CPU
		{AE2E4DE4-8650-9C65-0A09-6DD9CFE58557}.Debug|Any CPU.Build.0 = Debug|Any CPU
		{AE2E4DE4-8650-9C65-0A09-6DD9CFE58557}.Release|Any CPU.ActiveCfg = Release|Any CPU
		{AE2E4DE4-8650-9C65-0A09-6DD9CFE58557}.Release|Any CPU.Build.0 = Release|Any CPU
		{1944C4F9-448F-69CA-5093-22A3382B3C3D}.Debug|Any CPU.ActiveCfg = Debug|Any CPU
		{1944C4F9-448F-69CA-5093-22A3382B3C3D}.Debug|Any CPU.Build.0 = Debug|Any CPU
		{1944C4F9-448F-69CA-5093-22A3382B3C3D}.Release|Any CPU.ActiveCfg = Release|Any CPU
		{1944C4F9-448F-69CA-5093-22A3382B3C3D}.Release|Any CPU.Build.0 = Release|Any CPU
		{41F7D0FA-3719-8231-120F-CE16C5CEEA37}.Debug|Any CPU.ActiveCfg = Debug|Any CPU
		{41F7D0FA-3719-8231-120F-CE16C5CEEA37}.Debug|Any CPU.Build.0 = Debug|Any CPU
		{41F7D0FA-3719-8231-120F-CE16C5CEEA37}.Release|Any CPU.ActiveCfg = Release|Any CPU
		{41F7D0FA-3719-8231-120F-CE16C5CEEA37}.Release|Any CPU.Build.0 = Release|Any CPU
		{ABCAD81D-E829-B9EF-0720-A50E517BFAF3}.Debug|Any CPU.ActiveCfg = Debug|Any CPU
		{ABCAD81D-E829-B9EF-0720-A50E517BFAF3}.Debug|Any CPU.Build.0 = Debug|Any CPU
		{ABCAD81D-E829-B9EF-0720-A50E517BFAF3}.Release|Any CPU.ActiveCfg = Release|Any CPU
		{ABCAD81D-E829-B9EF-0720-A50E517BFAF3}.Release|Any CPU.Build.0 = Release|Any CPU
	EndGlobalSection
	GlobalSection(SolutionProperties) = preSolution
		HideSolutionNode = FALSE
	EndGlobalSection
EndGlobal
